// !$*UTF8*$!
{
	archiveVersion = 1;
	classes = {
	};
	objectVersion = 55;
	objects = {

/* Begin PBXBuildFile section */
		B613C3F5288F940E00FD5654 /* FavoritesViewCell.swift in Sources */ = {isa = PBXBuildFile; fileRef = B613C3F4288F940E00FD5654 /* FavoritesViewCell.swift */; };
		B613C3F72890A3C100FD5654 /* StarsView.swift in Sources */ = {isa = PBXBuildFile; fileRef = B613C3F62890A3C100FD5654 /* StarsView.swift */; };
		B622E93028809A17006F90F7 /* RandomRestaurantView.swift in Sources */ = {isa = PBXBuildFile; fileRef = B622E92F28809A17006F90F7 /* RandomRestaurantView.swift */; };
		B62F195C287DDD2E00C586C3 /* FavoritesListView.swift in Sources */ = {isa = PBXBuildFile; fileRef = B62F195B287DDD2E00C586C3 /* FavoritesListView.swift */; };
		B62F1999287E260C00C586C3 /* RestaurantViewCell.swift in Sources */ = {isa = PBXBuildFile; fileRef = B62F1998287E260C00C586C3 /* RestaurantViewCell.swift */; };
		B62F199F287E2B1B00C586C3 /* RestaurantModel.xcdatamodeld in Sources */ = {isa = PBXBuildFile; fileRef = B62F199D287E2B1B00C586C3 /* RestaurantModel.xcdatamodeld */; };
		B640B650287C9AB800B97DFD /* RestaurantPickerHBApp.swift in Sources */ = {isa = PBXBuildFile; fileRef = B640B64F287C9AB800B97DFD /* RestaurantPickerHBApp.swift */; };
		B640B654287C9AB900B97DFD /* Assets.xcassets in Resources */ = {isa = PBXBuildFile; fileRef = B640B653287C9AB900B97DFD /* Assets.xcassets */; };
		B640B657287C9AB900B97DFD /* Preview Assets.xcassets in Resources */ = {isa = PBXBuildFile; fileRef = B640B656287C9AB900B97DFD /* Preview Assets.xcassets */; };
		B640B664287CA21300B97DFD /* YelpApiService.swift in Sources */ = {isa = PBXBuildFile; fileRef = B640B663287CA21300B97DFD /* YelpApiService.swift */; };
		B640B666287CA67100B97DFD /* RestaurantListView.swift in Sources */ = {isa = PBXBuildFile; fileRef = B640B665287CA67100B97DFD /* RestaurantListView.swift */; };
		B640B669287CA76600B97DFD /* RestaurantViewModel.swift in Sources */ = {isa = PBXBuildFile; fileRef = B640B668287CA76600B97DFD /* RestaurantViewModel.swift */; };
		B640B66B287CAB7000B97DFD /* StartView.swift in Sources */ = {isa = PBXBuildFile; fileRef = B640B66A287CAB7000B97DFD /* StartView.swift */; };
		B640B66E287CC1CB00B97DFD /* VT323-Regular.ttf in Resources */ = {isa = PBXBuildFile; fileRef = B640B66D287CC1CB00B97DFD /* VT323-Regular.ttf */; };
		B640B671287D313500B97DFD /* RestaurantListDetailView.swift in Sources */ = {isa = PBXBuildFile; fileRef = B640B670287D313500B97DFD /* RestaurantListDetailView.swift */; };
		B648F67A288758AD006EDFDA /* LocationManager.swift in Sources */ = {isa = PBXBuildFile; fileRef = B648F679288758AD006EDFDA /* LocationManager.swift */; };
		B6D2193C288249F900E90CC3 /* ReviewsCell.swift in Sources */ = {isa = PBXBuildFile; fileRef = B6D2193B288249F900E90CC3 /* ReviewsCell.swift */; };
		B6D2193E28824FB200E90CC3 /* RandomFavoriteView.swift in Sources */ = {isa = PBXBuildFile; fileRef = B6D2193D28824FB200E90CC3 /* RandomFavoriteView.swift */; };
		B6D2194128838F1600E90CC3 /* CoreDataStack.swift in Sources */ = {isa = PBXBuildFile; fileRef = B6D2194028838F1600E90CC3 /* CoreDataStack.swift */; };
		B6D76D932890D48F00AD1AB4 /* Launch Screen.storyboard in Resources */ = {isa = PBXBuildFile; fileRef = B6D76D922890D48F00AD1AB4 /* Launch Screen.storyboard */; };
/* End PBXBuildFile section */

/* Begin PBXFileReference section */
		B613C3F4288F940E00FD5654 /* FavoritesViewCell.swift */ = {isa = PBXFileReference; lastKnownFileType = sourcecode.swift; path = FavoritesViewCell.swift; sourceTree = "<group>"; };
		B613C3F62890A3C100FD5654 /* StarsView.swift */ = {isa = PBXFileReference; lastKnownFileType = sourcecode.swift; path = StarsView.swift; sourceTree = "<group>"; };
		B622E92F28809A17006F90F7 /* RandomRestaurantView.swift */ = {isa = PBXFileReference; lastKnownFileType = sourcecode.swift; path = RandomRestaurantView.swift; sourceTree = "<group>"; };
		B62F195B287DDD2E00C586C3 /* FavoritesListView.swift */ = {isa = PBXFileReference; lastKnownFileType = sourcecode.swift; path = FavoritesListView.swift; sourceTree = "<group>"; };
		B62F1998287E260C00C586C3 /* RestaurantViewCell.swift */ = {isa = PBXFileReference; lastKnownFileType = sourcecode.swift; path = RestaurantViewCell.swift; sourceTree = "<group>"; };
		B62F199E287E2B1B00C586C3 /* RestaurantModel.xcdatamodel */ = {isa = PBXFileReference; lastKnownFileType = wrapper.xcdatamodel; path = RestaurantModel.xcdatamodel; sourceTree = "<group>"; };
		B640B64C287C9AB800B97DFD /* RestaurantPickerHB.app */ = {isa = PBXFileReference; explicitFileType = wrapper.application; includeInIndex = 0; path = RestaurantPickerHB.app; sourceTree = BUILT_PRODUCTS_DIR; };
		B640B64F287C9AB800B97DFD /* RestaurantPickerHBApp.swift */ = {isa = PBXFileReference; lastKnownFileType = sourcecode.swift; path = RestaurantPickerHBApp.swift; sourceTree = "<group>"; };
		B640B653287C9AB900B97DFD /* Assets.xcassets */ = {isa = PBXFileReference; lastKnownFileType = folder.assetcatalog; path = Assets.xcassets; sourceTree = "<group>"; };
		B640B656287C9AB900B97DFD /* Preview Assets.xcassets */ = {isa = PBXFileReference; lastKnownFileType = folder.assetcatalog; path = "Preview Assets.xcassets"; sourceTree = "<group>"; };
		B640B663287CA21300B97DFD /* YelpApiService.swift */ = {isa = PBXFileReference; lastKnownFileType = sourcecode.swift; path = YelpApiService.swift; sourceTree = "<group>"; };
		B640B665287CA67100B97DFD /* RestaurantListView.swift */ = {isa = PBXFileReference; lastKnownFileType = sourcecode.swift; path = RestaurantListView.swift; sourceTree = "<group>"; };
		B640B668287CA76600B97DFD /* RestaurantViewModel.swift */ = {isa = PBXFileReference; lastKnownFileType = sourcecode.swift; path = RestaurantViewModel.swift; sourceTree = "<group>"; };
		B640B66A287CAB7000B97DFD /* StartView.swift */ = {isa = PBXFileReference; lastKnownFileType = sourcecode.swift; path = StartView.swift; sourceTree = "<group>"; };
		B640B66D287CC1CB00B97DFD /* VT323-Regular.ttf */ = {isa = PBXFileReference; lastKnownFileType = file; path = "VT323-Regular.ttf"; sourceTree = "<group>"; };
		B640B66F287CC4BD00B97DFD /* Info.plist */ = {isa = PBXFileReference; lastKnownFileType = text.plist; path = Info.plist; sourceTree = "<group>"; };
		B640B670287D313500B97DFD /* RestaurantListDetailView.swift */ = {isa = PBXFileReference; lastKnownFileType = sourcecode.swift; path = RestaurantListDetailView.swift; sourceTree = "<group>"; };
		B648F679288758AD006EDFDA /* LocationManager.swift */ = {isa = PBXFileReference; lastKnownFileType = sourcecode.swift; path = LocationManager.swift; sourceTree = "<group>"; };
		B6D2193B288249F900E90CC3 /* ReviewsCell.swift */ = {isa = PBXFileReference; lastKnownFileType = sourcecode.swift; path = ReviewsCell.swift; sourceTree = "<group>"; };
		B6D2193D28824FB200E90CC3 /* RandomFavoriteView.swift */ = {isa = PBXFileReference; lastKnownFileType = sourcecode.swift; path = RandomFavoriteView.swift; sourceTree = "<group>"; };
		B6D2194028838F1600E90CC3 /* CoreDataStack.swift */ = {isa = PBXFileReference; lastKnownFileType = sourcecode.swift; path = CoreDataStack.swift; sourceTree = "<group>"; };
		B6D76D922890D48F00AD1AB4 /* Launch Screen.storyboard */ = {isa = PBXFileReference; lastKnownFileType = file.storyboard; path = "Launch Screen.storyboard"; sourceTree = "<group>"; };
/* End PBXFileReference section */

/* Begin PBXFrameworksBuildPhase section */
		B640B649287C9AB800B97DFD /* Frameworks */ = {
			isa = PBXFrameworksBuildPhase;
			buildActionMask = 2147483647;
			files = (
			);
			runOnlyForDeploymentPostprocessing = 0;
		};
/* End PBXFrameworksBuildPhase section */

/* Begin PBXGroup section */
		B622E93128809BCD006F90F7 /* RandomView */ = {
			isa = PBXGroup;
			children = (
				B622E92F28809A17006F90F7 /* RandomRestaurantView.swift */,
				B6D2193D28824FB200E90CC3 /* RandomFavoriteView.swift */,
				B613C3F62890A3C100FD5654 /* StarsView.swift */,
			);
			path = RandomView;
			sourceTree = "<group>";
		};
		B622E93228809BEF006F90F7 /* ListViews */ = {
			isa = PBXGroup;
			children = (
				B640B665287CA67100B97DFD /* RestaurantListView.swift */,
				B62F195B287DDD2E00C586C3 /* FavoritesListView.swift */,
			);
			path = ListViews;
			sourceTree = "<group>";
		};
		B640B643287C9AB700B97DFD = {
			isa = PBXGroup;
			children = (
				B640B64E287C9AB800B97DFD /* RestaurantPickerHB */,
				B640B64D287C9AB800B97DFD /* Products */,
			);
			sourceTree = "<group>";
		};
		B640B64D287C9AB800B97DFD /* Products */ = {
			isa = PBXGroup;
			children = (
				B640B64C287C9AB800B97DFD /* RestaurantPickerHB.app */,
			);
			name = Products;
			sourceTree = "<group>";
		};
		B640B64E287C9AB800B97DFD /* RestaurantPickerHB */ = {
			isa = PBXGroup;
			children = (
				B6D2193F28838ED900E90CC3 /* CoreData */,
				B640B66F287CC4BD00B97DFD /* Info.plist */,
				B640B66C287CC1B200B97DFD /* Fonts */,
				B640B662287CA20200B97DFD /* Services */,
				B640B65F287CA1AF00B97DFD /* ViewModels */,
				B640B65E287CA1AA00B97DFD /* Views */,
				B640B64F287C9AB800B97DFD /* RestaurantPickerHBApp.swift */,
				B640B653287C9AB900B97DFD /* Assets.xcassets */,
				B640B655287C9AB900B97DFD /* Preview Content */,
				B6D76D922890D48F00AD1AB4 /* Launch Screen.storyboard */,
			);
			path = RestaurantPickerHB;
			sourceTree = "<group>";
		};
		B640B655287C9AB900B97DFD /* Preview Content */ = {
			isa = PBXGroup;
			children = (
				B640B656287C9AB900B97DFD /* Preview Assets.xcassets */,
			);
			path = "Preview Content";
			sourceTree = "<group>";
		};
		B640B65E287CA1AA00B97DFD /* Views */ = {
			isa = PBXGroup;
			children = (
				B648F67828872FCD006EDFDA /* DetailView */,
				B659231D2880A250001FD401 /* CustomCell */,
				B622E93228809BEF006F90F7 /* ListViews */,
				B622E93128809BCD006F90F7 /* RandomView */,
				B640B66A287CAB7000B97DFD /* StartView.swift */,
			);
			path = Views;
			sourceTree = "<group>";
		};
		B640B65F287CA1AF00B97DFD /* ViewModels */ = {
			isa = PBXGroup;
			children = (
				B640B668287CA76600B97DFD /* RestaurantViewModel.swift */,
			);
			path = ViewModels;
			sourceTree = "<group>";
		};
		B640B662287CA20200B97DFD /* Services */ = {
			isa = PBXGroup;
			children = (
				B640B663287CA21300B97DFD /* YelpApiService.swift */,
				B648F679288758AD006EDFDA /* LocationManager.swift */,
			);
			path = Services;
			sourceTree = "<group>";
		};
		B640B66C287CC1B200B97DFD /* Fonts */ = {
			isa = PBXGroup;
			children = (
				B640B66D287CC1CB00B97DFD /* VT323-Regular.ttf */,
			);
			path = Fonts;
			sourceTree = "<group>";
		};
		B648F67828872FCD006EDFDA /* DetailView */ = {
			isa = PBXGroup;
			children = (
				B640B670287D313500B97DFD /* RestaurantListDetailView.swift */,
			);
			path = DetailView;
			sourceTree = "<group>";
		};
		B659231D2880A250001FD401 /* CustomCell */ = {
			isa = PBXGroup;
			children = (
				B62F1998287E260C00C586C3 /* RestaurantViewCell.swift */,
				B6D2193B288249F900E90CC3 /* ReviewsCell.swift */,
				B613C3F4288F940E00FD5654 /* FavoritesViewCell.swift */,
			);
			path = CustomCell;
			sourceTree = "<group>";
		};
		B6D2193F28838ED900E90CC3 /* CoreData */ = {
			isa = PBXGroup;
			children = (
				B62F199D287E2B1B00C586C3 /* RestaurantModel.xcdatamodeld */,
				B6D2194028838F1600E90CC3 /* CoreDataStack.swift */,
			);
			path = CoreData;
			sourceTree = "<group>";
		};
/* End PBXGroup section */

/* Begin PBXNativeTarget section */
		B640B64B287C9AB800B97DFD /* RestaurantPickerHB */ = {
			isa = PBXNativeTarget;
			buildConfigurationList = B640B65A287C9AB900B97DFD /* Build configuration list for PBXNativeTarget "RestaurantPickerHB" */;
			buildPhases = (
				B640B648287C9AB800B97DFD /* Sources */,
				B640B649287C9AB800B97DFD /* Frameworks */,
				B640B64A287C9AB800B97DFD /* Resources */,
			);
			buildRules = (
			);
			dependencies = (
			);
			name = RestaurantPickerHB;
			productName = RestaurantPickerHB;
			productReference = B640B64C287C9AB800B97DFD /* RestaurantPickerHB.app */;
			productType = "com.apple.product-type.application";
		};
/* End PBXNativeTarget section */

/* Begin PBXProject section */
		B640B644287C9AB700B97DFD /* Project object */ = {
			isa = PBXProject;
			attributes = {
				BuildIndependentTargetsInParallel = 1;
				LastSwiftUpdateCheck = 1340;
				LastUpgradeCheck = 1340;
				TargetAttributes = {
					B640B64B287C9AB800B97DFD = {
						CreatedOnToolsVersion = 13.4.1;
					};
				};
			};
			buildConfigurationList = B640B647287C9AB700B97DFD /* Build configuration list for PBXProject "RestaurantPickerHB" */;
			compatibilityVersion = "Xcode 13.0";
			developmentRegion = en;
			hasScannedForEncodings = 0;
			knownRegions = (
				en,
				Base,
			);
			mainGroup = B640B643287C9AB700B97DFD;
			productRefGroup = B640B64D287C9AB800B97DFD /* Products */;
			projectDirPath = "";
			projectRoot = "";
			targets = (
				B640B64B287C9AB800B97DFD /* RestaurantPickerHB */,
			);
		};
/* End PBXProject section */

/* Begin PBXResourcesBuildPhase section */
		B640B64A287C9AB800B97DFD /* Resources */ = {
			isa = PBXResourcesBuildPhase;
			buildActionMask = 2147483647;
			files = (
				B640B657287C9AB900B97DFD /* Preview Assets.xcassets in Resources */,
				B640B66E287CC1CB00B97DFD /* VT323-Regular.ttf in Resources */,
				B6D76D932890D48F00AD1AB4 /* Launch Screen.storyboard in Resources */,
				B640B654287C9AB900B97DFD /* Assets.xcassets in Resources */,
			);
			runOnlyForDeploymentPostprocessing = 0;
		};
/* End PBXResourcesBuildPhase section */

/* Begin PBXSourcesBuildPhase section */
		B640B648287C9AB800B97DFD /* Sources */ = {
			isa = PBXSourcesBuildPhase;
			buildActionMask = 2147483647;
			files = (
				B62F1999287E260C00C586C3 /* RestaurantViewCell.swift in Sources */,
				B62F199F287E2B1B00C586C3 /* RestaurantModel.xcdatamodeld in Sources */,
				B613C3F72890A3C100FD5654 /* StarsView.swift in Sources */,
				B640B664287CA21300B97DFD /* YelpApiService.swift in Sources */,
				B640B671287D313500B97DFD /* RestaurantListDetailView.swift in Sources */,
				B640B650287C9AB800B97DFD /* RestaurantPickerHBApp.swift in Sources */,
				B640B666287CA67100B97DFD /* RestaurantListView.swift in Sources */,
				B6D2194128838F1600E90CC3 /* CoreDataStack.swift in Sources */,
				B62F195C287DDD2E00C586C3 /* FavoritesListView.swift in Sources */,
				B613C3F5288F940E00FD5654 /* FavoritesViewCell.swift in Sources */,
				B640B66B287CAB7000B97DFD /* StartView.swift in Sources */,
				B622E93028809A17006F90F7 /* RandomRestaurantView.swift in Sources */,
				B648F67A288758AD006EDFDA /* LocationManager.swift in Sources */,
				B640B669287CA76600B97DFD /* RestaurantViewModel.swift in Sources */,
				B6D2193C288249F900E90CC3 /* ReviewsCell.swift in Sources */,
				B6D2193E28824FB200E90CC3 /* RandomFavoriteView.swift in Sources */,
			);
			runOnlyForDeploymentPostprocessing = 0;
		};
/* End PBXSourcesBuildPhase section */

/* Begin XCBuildConfiguration section */
		B640B658287C9AB900B97DFD /* Debug */ = {
			isa = XCBuildConfiguration;
			buildSettings = {
				ALWAYS_SEARCH_USER_PATHS = NO;
				CLANG_ANALYZER_NONNULL = YES;
				CLANG_ANALYZER_NUMBER_OBJECT_CONVERSION = YES_AGGRESSIVE;
				CLANG_CXX_LANGUAGE_STANDARD = "gnu++17";
				CLANG_ENABLE_MODULES = YES;
				CLANG_ENABLE_OBJC_ARC = YES;
				CLANG_ENABLE_OBJC_WEAK = YES;
				CLANG_WARN_BLOCK_CAPTURE_AUTORELEASING = YES;
				CLANG_WARN_BOOL_CONVERSION = YES;
				CLANG_WARN_COMMA = YES;
				CLANG_WARN_CONSTANT_CONVERSION = YES;
				CLANG_WARN_DEPRECATED_OBJC_IMPLEMENTATIONS = YES;
				CLANG_WARN_DIRECT_OBJC_ISA_USAGE = YES_ERROR;
				CLANG_WARN_DOCUMENTATION_COMMENTS = YES;
				CLANG_WARN_EMPTY_BODY = YES;
				CLANG_WARN_ENUM_CONVERSION = YES;
				CLANG_WARN_INFINITE_RECURSION = YES;
				CLANG_WARN_INT_CONVERSION = YES;
				CLANG_WARN_NON_LITERAL_NULL_CONVERSION = YES;
				CLANG_WARN_OBJC_IMPLICIT_RETAIN_SELF = YES;
				CLANG_WARN_OBJC_LITERAL_CONVERSION = YES;
				CLANG_WARN_OBJC_ROOT_CLASS = YES_ERROR;
				CLANG_WARN_QUOTED_INCLUDE_IN_FRAMEWORK_HEADER = YES;
				CLANG_WARN_RANGE_LOOP_ANALYSIS = YES;
				CLANG_WARN_STRICT_PROTOTYPES = YES;
				CLANG_WARN_SUSPICIOUS_MOVE = YES;
				CLANG_WARN_UNGUARDED_AVAILABILITY = YES_AGGRESSIVE;
				CLANG_WARN_UNREACHABLE_CODE = YES;
				CLANG_WARN__DUPLICATE_METHOD_MATCH = YES;
				COPY_PHASE_STRIP = NO;
				DEBUG_INFORMATION_FORMAT = dwarf;
				ENABLE_STRICT_OBJC_MSGSEND = YES;
				ENABLE_TESTABILITY = YES;
				GCC_C_LANGUAGE_STANDARD = gnu11;
				GCC_DYNAMIC_NO_PIC = NO;
				GCC_NO_COMMON_BLOCKS = YES;
				GCC_OPTIMIZATION_LEVEL = 0;
				GCC_PREPROCESSOR_DEFINITIONS = (
					"DEBUG=1",
					"$(inherited)",
				);
				GCC_WARN_64_TO_32_BIT_CONVERSION = YES;
				GCC_WARN_ABOUT_RETURN_TYPE = YES_ERROR;
				GCC_WARN_UNDECLARED_SELECTOR = YES;
				GCC_WARN_UNINITIALIZED_AUTOS = YES_AGGRESSIVE;
				GCC_WARN_UNUSED_FUNCTION = YES;
				GCC_WARN_UNUSED_VARIABLE = YES;
				IPHONEOS_DEPLOYMENT_TARGET = 15.5;
				MTL_ENABLE_DEBUG_INFO = INCLUDE_SOURCE;
				MTL_FAST_MATH = YES;
				ONLY_ACTIVE_ARCH = YES;
				SDKROOT = iphoneos;
				SWIFT_ACTIVE_COMPILATION_CONDITIONS = DEBUG;
				SWIFT_OPTIMIZATION_LEVEL = "-Onone";
			};
			name = Debug;
		};
		B640B659287C9AB900B97DFD /* Release */ = {
			isa = XCBuildConfiguration;
			buildSettings = {
				ALWAYS_SEARCH_USER_PATHS = NO;
				CLANG_ANALYZER_NONNULL = YES;
				CLANG_ANALYZER_NUMBER_OBJECT_CONVERSION = YES_AGGRESSIVE;
				CLANG_CXX_LANGUAGE_STANDARD = "gnu++17";
				CLANG_ENABLE_MODULES = YES;
				CLANG_ENABLE_OBJC_ARC = YES;
				CLANG_ENABLE_OBJC_WEAK = YES;
				CLANG_WARN_BLOCK_CAPTURE_AUTORELEASING = YES;
				CLANG_WARN_BOOL_CONVERSION = YES;
				CLANG_WARN_COMMA = YES;
				CLANG_WARN_CONSTANT_CONVERSION = YES;
				CLANG_WARN_DEPRECATED_OBJC_IMPLEMENTATIONS = YES;
				CLANG_WARN_DIRECT_OBJC_ISA_USAGE = YES_ERROR;
				CLANG_WARN_DOCUMENTATION_COMMENTS = YES;
				CLANG_WARN_EMPTY_BODY = YES;
				CLANG_WARN_ENUM_CONVERSION = YES;
				CLANG_WARN_INFINITE_RECURSION = YES;
				CLANG_WARN_INT_CONVERSION = YES;
				CLANG_WARN_NON_LITERAL_NULL_CONVERSION = YES;
				CLANG_WARN_OBJC_IMPLICIT_RETAIN_SELF = YES;
				CLANG_WARN_OBJC_LITERAL_CONVERSION = YES;
				CLANG_WARN_OBJC_ROOT_CLASS = YES_ERROR;
				CLANG_WARN_QUOTED_INCLUDE_IN_FRAMEWORK_HEADER = YES;
				CLANG_WARN_RANGE_LOOP_ANALYSIS = YES;
				CLANG_WARN_STRICT_PROTOTYPES = YES;
				CLANG_WARN_SUSPICIOUS_MOVE = YES;
				CLANG_WARN_UNGUARDED_AVAILABILITY = YES_AGGRESSIVE;
				CLANG_WARN_UNREACHABLE_CODE = YES;
				CLANG_WARN__DUPLICATE_METHOD_MATCH = YES;
				COPY_PHASE_STRIP = NO;
				DEBUG_INFORMATION_FORMAT = "dwarf-with-dsym";
				ENABLE_NS_ASSERTIONS = NO;
				ENABLE_STRICT_OBJC_MSGSEND = YES;
				GCC_C_LANGUAGE_STANDARD = gnu11;
				GCC_NO_COMMON_BLOCKS = YES;
				GCC_WARN_64_TO_32_BIT_CONVERSION = YES;
				GCC_WARN_ABOUT_RETURN_TYPE = YES_ERROR;
				GCC_WARN_UNDECLARED_SELECTOR = YES;
				GCC_WARN_UNINITIALIZED_AUTOS = YES_AGGRESSIVE;
				GCC_WARN_UNUSED_FUNCTION = YES;
				GCC_WARN_UNUSED_VARIABLE = YES;
				IPHONEOS_DEPLOYMENT_TARGET = 15.5;
				MTL_ENABLE_DEBUG_INFO = NO;
				MTL_FAST_MATH = YES;
				SDKROOT = iphoneos;
				SWIFT_COMPILATION_MODE = wholemodule;
				SWIFT_OPTIMIZATION_LEVEL = "-O";
				VALIDATE_PRODUCT = YES;
			};
			name = Release;
		};
		B640B65B287C9AB900B97DFD /* Debug */ = {
			isa = XCBuildConfiguration;
			buildSettings = {
				ASSETCATALOG_COMPILER_APPICON_NAME = yumicon;
				ASSETCATALOG_COMPILER_GLOBAL_ACCENT_COLOR_NAME = AccentColor;
				CODE_SIGN_STYLE = Automatic;
				CURRENT_PROJECT_VERSION = 1;
				DEVELOPMENT_ASSET_PATHS = "\"RestaurantPickerHB/Preview Content\"";
				DEVELOPMENT_TEAM = RY35QWC9X4;
				ENABLE_PREVIEWS = YES;
				GENERATE_INFOPLIST_FILE = YES;
				INFOPLIST_FILE = RestaurantPickerHB/Info.plist;
				INFOPLIST_KEY_CFBundleDisplayName = RandomYum;
				INFOPLIST_KEY_NSLocationWhenInUseUsageDescription = "Uses Location to pick nearby restaurants";
				INFOPLIST_KEY_UIApplicationSceneManifest_Generation = YES;
				INFOPLIST_KEY_UIApplicationSupportsIndirectInputEvents = YES;
				INFOPLIST_KEY_UILaunchScreen_Generation = YES;
				INFOPLIST_KEY_UILaunchStoryboardName = "Launch Screen";
				INFOPLIST_KEY_UISupportedInterfaceOrientations_iPad = "UIInterfaceOrientationPortrait UIInterfaceOrientationPortraitUpsideDown UIInterfaceOrientationLandscapeLeft UIInterfaceOrientationLandscapeRight";
				INFOPLIST_KEY_UISupportedInterfaceOrientations_iPhone = "UIInterfaceOrientationPortrait UIInterfaceOrientationLandscapeLeft UIInterfaceOrientationLandscapeRight";
				LD_RUNPATH_SEARCH_PATHS = (
					"$(inherited)",
					"@executable_path/Frameworks",
				);
				MARKETING_VERSION = 1.0;
				PRODUCT_BUNDLE_IDENTIFIER = regina.paek.RestaurantPickerHB;
				PRODUCT_NAME = "$(TARGET_NAME)";
				SWIFT_EMIT_LOC_STRINGS = YES;
				SWIFT_VERSION = 5.0;
				TARGETED_DEVICE_FAMILY = "1,2";
			};
			name = Debug;
		};
		B640B65C287C9AB900B97DFD /* Release */ = {
			isa = XCBuildConfiguration;
			buildSettings = {
				ASSETCATALOG_COMPILER_APPICON_NAME = yumicon;
				ASSETCATALOG_COMPILER_GLOBAL_ACCENT_COLOR_NAME = AccentColor;
				CODE_SIGN_STYLE = Automatic;
				CURRENT_PROJECT_VERSION = 1;
				DEVELOPMENT_ASSET_PATHS = "\"RestaurantPickerHB/Preview Content\"";
				DEVELOPMENT_TEAM = RY35QWC9X4;
				ENABLE_PREVIEWS = YES;
				GENERATE_INFOPLIST_FILE = YES;
				INFOPLIST_FILE = RestaurantPickerHB/Info.plist;
				INFOPLIST_KEY_CFBundleDisplayName = RandomYum;
				INFOPLIST_KEY_NSLocationWhenInUseUsageDescription = "Uses Location to pick nearby restaurants";
				INFOPLIST_KEY_UIApplicationSceneManifest_Generation = YES;
				INFOPLIST_KEY_UIApplicationSupportsIndirectInputEvents = YES;
				INFOPLIST_KEY_UILaunchScreen_Generation = YES;
				INFOPLIST_KEY_UILaunchStoryboardName = "Launch Screen";
				INFOPLIST_KEY_UISupportedInterfaceOrientations_iPad = "UIInterfaceOrientationPortrait UIInterfaceOrientationPortraitUpsideDown UIInterfaceOrientationLandscapeLeft UIInterfaceOrientationLandscapeRight";
				INFOPLIST_KEY_UISupportedInterfaceOrientations_iPhone = "UIInterfaceOrientationPortrait UIInterfaceOrientationLandscapeLeft UIInterfaceOrientationLandscapeRight";
				LD_RUNPATH_SEARCH_PATHS = (
					"$(inherited)",
					"@executable_path/Frameworks",
				);
				MARKETING_VERSION = 1.0;
				PRODUCT_BUNDLE_IDENTIFIER = regina.paek.RestaurantPickerHB;
				PRODUCT_NAME = "$(TARGET_NAME)";
				SWIFT_EMIT_LOC_STRINGS = YES;
				SWIFT_VERSION = 5.0;
				TARGETED_DEVICE_FAMILY = "1,2";
			};
			name = Release;
		};
/* End XCBuildConfiguration section */

/* Begin XCConfigurationList section */
		B640B647287C9AB700B97DFD /* Build configuration list for PBXProject "RestaurantPickerHB" */ = {
			isa = XCConfigurationList;
			buildConfigurations = (
				B640B658287C9AB900B97DFD /* Debug */,
				B640B659287C9AB900B97DFD /* Release */,
			);
			defaultConfigurationIsVisible = 0;
			defaultConfigurationName = Release;
		};
		B640B65A287C9AB900B97DFD /* Build configuration list for PBXNativeTarget "RestaurantPickerHB" */ = {
			isa = XCConfigurationList;
			buildConfigurations = (
				B640B65B287C9AB900B97DFD /* Debug */,
				B640B65C287C9AB900B97DFD /* Release */,
			);
			defaultConfigurationIsVisible = 0;
			defaultConfigurationName = Release;
		};
/* End XCConfigurationList section */

/* Begin XCVersionGroup section */
		B62F199D287E2B1B00C586C3 /* RestaurantModel.xcdatamodeld */ = {
			isa = XCVersionGroup;
			children = (
				B62F199E287E2B1B00C586C3 /* RestaurantModel.xcdatamodel */,
			);
			currentVersion = B62F199E287E2B1B00C586C3 /* RestaurantModel.xcdatamodel */;
			path = RestaurantModel.xcdatamodeld;
			sourceTree = "<group>";
			versionGroupType = wrapper.xcdatamodel;
		};
/* End XCVersionGroup section */
	};
	rootObject = B640B644287C9AB700B97DFD /* Project object */;
}
